
Microsoft Visual Studio Solution File, Format Version 12.00
# Visual Studio Version 17
VisualStudioVersion = 17.3.32825.248
MinimumVisualStudioVersion = 10.0.40219.1
Project("{9A19103F-16F7-4668-BE54-9A1E7A4F7556}") = "WebDriverWikiTest", "WebDriverWikiTest\WebDriverWikiTest.csproj", "{ED1CF155-09D9-42FD-BD2E-22596EC5E0B6}"
EndProject
Project("{FAE04EC0-301F-11D3-BF4B-00C04F79EFBC}") = "WikipediaNUnitProject", "WikipediaNUnitProject\WikipediaNUnitProject.csproj", "{62ED519A-C06D-4846-B210-D23205F672B6}"
EndProject
Global
	GlobalSection(SolutionConfigurationPlatforms) = preSolution
		Debug|Any CPU = Debug|Any CPU
		Release|Any CPU = Release|Any CPU
	EndGlobalSection
	GlobalSection(ProjectConfigurationPlatforms) = postSolution
		{ED1CF155-09D9-42FD-BD2E-22596EC5E0B6}.Debug|Any CPU.ActiveCfg = Debug|Any CPU
		{ED1CF155-09D9-42FD-BD2E-22596EC5E0B6}.Debug|Any CPU.Build.0 = Debug|Any CPU
		{ED1CF155-09D9-42FD-BD2E-22596EC5E0B6}.Release|Any CPU.ActiveCfg = Release|Any CPU
		{ED1CF155-09D9-42FD-BD2E-22596EC5E0B6}.Release|Any CPU.Build.0 = Release|Any CPU
		{62ED519A-C06D-4846-B210-D23205F672B6}.Debug|Any CPU.ActiveCfg = Debug|Any CPU
		{62ED519A-C06D-4846-B210-D23205F672B6}.Debug|Any CPU.Build.0 = Debug|Any CPU
		{62ED519A-C06D-4846-B210-D23205F672B6}.Release|Any CPU.ActiveCfg = Release|Any CPU
		{62ED519A-C06D-4846-B210-D23205F672B6}.Release|Any CPU.Build.0 = Release|Any CPU
	EndGlobalSection
	GlobalSection(SolutionProperties) = preSolution
		HideSolutionNode = FALSE
	EndGlobalSection
	GlobalSection(ExtensibilityGlobals) = postSolution
		SolutionGuid = {DAA3414B-8546-451E-ABC2-DECC092C0280}
	EndGlobalSection
EndGlobal
